
Microsoft Visual Studio Solution File, Format Version 12.00
# Visual Studio Version 16
VisualStudioVersion = 16.0.29306.81
MinimumVisualStudioVersion = 10.0.40219.1
Project("{FAE04EC0-301F-11D3-BF4B-00C04F79EFBC}") = "DelegateDemo", "DelegateDemo\DelegateDemo.csproj", "{C7C6CCB4-FE07-4138-9D57-DBC93F43CAC4}"
EndProject
Project("{FAE04EC0-301F-11D3-BF4B-00C04F79EFBC}") = "Implementation", "Implementation\Implementation.csproj", "{6E3974FD-BF9B-449A-9F7A-3D7828DEA26B}"
EndProject
Global
	GlobalSection(SolutionConfigurationPlatforms) = preSolution
		Debug|Any CPU = Debug|Any CPU
		Release|Any CPU = Release|Any CPU
	EndGlobalSection
	GlobalSection(ProjectConfigurationPlatforms) = postSolution
		{C7C6CCB4-FE07-4138-9D57-DBC93F43CAC4}.Debug|Any CPU.ActiveCfg = Debug|Any CPU
		{C7C6CCB4-FE07-4138-9D57-DBC93F43CAC4}.Debug|Any CPU.Build.0 = Debug|Any CPU
		{C7C6CCB4-FE07-4138-9D57-DBC93F43CAC4}.Release|Any CPU.ActiveCfg = Release|Any CPU
		{C7C6CCB4-FE07-4138-9D57-DBC93F43CAC4}.Release|Any CPU.Build.0 = Release|Any CPU
		{6E3974FD-BF9B-449A-9F7A-3D7828DEA26B}.Debug|Any CPU.ActiveCfg = Debug|Any CPU
		{6E3974FD-BF9B-449A-9F7A-3D7828DEA26B}.Debug|Any CPU.Build.0 = Debug|Any CPU
		{6E3974FD-BF9B-449A-9F7A-3D7828DEA26B}.Release|Any CPU.ActiveCfg = Release|Any CPU
		{6E3974FD-BF9B-449A-9F7A-3D7828DEA26B}.Release|Any CPU.Build.0 = Release|Any CPU
	EndGlobalSection
	GlobalSection(SolutionProperties) = preSolution
		HideSolutionNode = FALSE
	EndGlobalSection
	GlobalSection(ExtensibilityGlobals) = postSolution
		SolutionGuid = {58FF8BE6-D1C7-4074-9569-C2BCF6CF9F8A}
	EndGlobalSection
EndGlobal
